
Microsoft Visual Studio Solution File, Format Version 12.00
# Visual Studio Version 16
VisualStudioVersion = 16.0.29318.209
MinimumVisualStudioVersion = 10.0.40219.1
Project("{FAE04EC0-301F-11D3-BF4B-00C04F79EFBC}") = "Ejercicio 1 lista", "Ejercicio 1 lista\Ejercicio 1 lista.csproj", "{67D2D769-587E-4FBF-9354-9CF6BB10211B}"
EndProject
Global
	GlobalSection(SolutionConfigurationPlatforms) = preSolution
		Debug|Any CPU = Debug|Any CPU
		Release|Any CPU = Release|Any CPU
	EndGlobalSection
	GlobalSection(ProjectConfigurationPlatforms) = postSolution
		{67D2D769-587E-4FBF-9354-9CF6BB10211B}.Debug|Any CPU.ActiveCfg = Debug|Any CPU
		{67D2D769-587E-4FBF-9354-9CF6BB10211B}.Debug|Any CPU.Build.0 = Debug|Any CPU
		{67D2D769-587E-4FBF-9354-9CF6BB10211B}.Release|Any CPU.ActiveCfg = Release|Any CPU
		{67D2D769-587E-4FBF-9354-9CF6BB10211B}.Release|Any CPU.Build.0 = Release|Any CPU
	EndGlobalSection
	GlobalSection(SolutionProperties) = preSolution
		HideSolutionNode = FALSE
	EndGlobalSection
	GlobalSection(ExtensibilityGlobals) = postSolution
		SolutionGuid = {3BF6F993-06E0-4592-949C-CBCED49ECFD0}
	EndGlobalSection
EndGlobal
